
Microsoft Visual Studio Solution File, Format Version 12.00
# Visual Studio 15
VisualStudioVersion = 15.0.26730.12
MinimumVisualStudioVersion = 10.0.40219.1
Project("{FAE04EC0-301F-11D3-BF4B-00C04F79EFBC}") = "PMSWeb", "PMSWeb\PMSWeb.csproj", "{13EF4BEC-9825-4D04-99AB-636BF7CE4B19}"
EndProject
Project("{FAE04EC0-301F-11D3-BF4B-00C04F79EFBC}") = "PMSApi", "PMSApi\PMSApi.csproj", "{326679C3-640F-4FF7-AF68-05F7E98AA6B4}"
EndProject
Project("{FAE04EC0-301F-11D3-BF4B-00C04F79EFBC}") = "PMSCommon", "PMSCommon\PMSCommon.csproj", "{C6A82DC6-5018-48FC-A877-BA3B46D830D9}"
EndProject
Project("{FAE04EC0-301F-11D3-BF4B-00C04F79EFBC}") = "PMSService", "PMSService\PMSService.csproj", "{C088798B-F506-459E-BC71-02DD9C6D2825}"
EndProject
Project("{FAE04EC0-301F-11D3-BF4B-00C04F79EFBC}") = "PMSModels", "PMSModels\PMSModels.csproj", "{2B890FE9-21C2-46E2-AC71-33FEE0E97403}"
EndProject
Global
	GlobalSection(SolutionConfigurationPlatforms) = preSolution
		Debug|Any CPU = Debug|Any CPU
		Release|Any CPU = Release|Any CPU
	EndGlobalSection
	GlobalSection(ProjectConfigurationPlatforms) = postSolution
		{13EF4BEC-9825-4D04-99AB-636BF7CE4B19}.Debug|Any CPU.ActiveCfg = Debug|Any CPU
		{13EF4BEC-9825-4D04-99AB-636BF7CE4B19}.Debug|Any CPU.Build.0 = Debug|Any CPU
		{13EF4BEC-9825-4D04-99AB-636BF7CE4B19}.Release|Any CPU.ActiveCfg = Release|Any CPU
		{13EF4BEC-9825-4D04-99AB-636BF7CE4B19}.Release|Any CPU.Build.0 = Release|Any CPU
		{326679C3-640F-4FF7-AF68-05F7E98AA6B4}.Debug|Any CPU.ActiveCfg = Debug|Any CPU
		{326679C3-640F-4FF7-AF68-05F7E98AA6B4}.Debug|Any CPU.Build.0 = Debug|Any CPU
		{326679C3-640F-4FF7-AF68-05F7E98AA6B4}.Release|Any CPU.ActiveCfg = Release|Any CPU
		{326679C3-640F-4FF7-AF68-05F7E98AA6B4}.Release|Any CPU.Build.0 = Release|Any CPU
		{C6A82DC6-5018-48FC-A877-BA3B46D830D9}.Debug|Any CPU.ActiveCfg = Debug|Any CPU
		{C6A82DC6-5018-48FC-A877-BA3B46D830D9}.Debug|Any CPU.Build.0 = Debug|Any CPU
		{C6A82DC6-5018-48FC-A877-BA3B46D830D9}.Release|Any CPU.ActiveCfg = Release|Any CPU
		{C6A82DC6-5018-48FC-A877-BA3B46D830D9}.Release|Any CPU.Build.0 = Release|Any CPU
		{C088798B-F506-459E-BC71-02DD9C6D2825}.Debug|Any CPU.ActiveCfg = Debug|Any CPU
		{C088798B-F506-459E-BC71-02DD9C6D2825}.Debug|Any CPU.Build.0 = Debug|Any CPU
		{C088798B-F506-459E-BC71-02DD9C6D2825}.Release|Any CPU.ActiveCfg = Release|Any CPU
		{C088798B-F506-459E-BC71-02DD9C6D2825}.Release|Any CPU.Build.0 = Release|Any CPU
		{2B890FE9-21C2-46E2-AC71-33FEE0E97403}.Debug|Any CPU.ActiveCfg = Debug|Any CPU
		{2B890FE9-21C2-46E2-AC71-33FEE0E97403}.Debug|Any CPU.Build.0 = Debug|Any CPU
		{2B890FE9-21C2-46E2-AC71-33FEE0E97403}.Release|Any CPU.ActiveCfg = Release|Any CPU
		{2B890FE9-21C2-46E2-AC71-33FEE0E97403}.Release|Any CPU.Build.0 = Release|Any CPU
	EndGlobalSection
	GlobalSection(SolutionProperties) = preSolution
		HideSolutionNode = FALSE
	EndGlobalSection
	GlobalSection(ExtensibilityGlobals) = postSolution
		SolutionGuid = {2A3A1811-0490-4210-B901-8CDA819AF5B4}
	EndGlobalSection
EndGlobal
